
Microsoft Visual Studio Solution File, Format Version 12.00
# Visual Studio Version 17
VisualStudioVersion = 17.7.34031.279
MinimumVisualStudioVersion = 10.0.40219.1
Project("{F184B08F-C81C-45F6-A57F-5ABD9991F28F}") = "3arithmetic calculation in  VB1", "3arithmetic calculation in  VB1.vbproj", "{2F0B4F78-4F74-4265-ADCB-6897CB6AAE29}"
EndProject
Global
	GlobalSection(SolutionConfigurationPlatforms) = preSolution
		Debug|Any CPU = Debug|Any CPU
		Release|Any CPU = Release|Any CPU
	EndGlobalSection
	GlobalSection(ProjectConfigurationPlatforms) = postSolution
		{2F0B4F78-4F74-4265-ADCB-6897CB6AAE29}.Debug|Any CPU.ActiveCfg = Debug|Any CPU
		{2F0B4F78-4F74-4265-ADCB-6897CB6AAE29}.Debug|Any CPU.Build.0 = Debug|Any CPU
		{2F0B4F78-4F74-4265-ADCB-6897CB6AAE29}.Release|Any CPU.ActiveCfg = Release|Any CPU
		{2F0B4F78-4F74-4265-ADCB-6897CB6AAE29}.Release|Any CPU.Build.0 = Release|Any CPU
	EndGlobalSection
	GlobalSection(SolutionProperties) = preSolution
		HideSolutionNode = FALSE
	EndGlobalSection
	GlobalSection(ExtensibilityGlobals) = postSolution
		SolutionGuid = {558A3325-150E-4591-A2C9-0B0184DF8AFB}
	EndGlobalSection
EndGlobal
